// !$*UTF8*$!
{
	archiveVersion = 1;
	classes = {
	};
	objectVersion = 46;
	objects = {

/* Begin PBXBuildFile section */
		5F4269C01C958C5C008F3D35 /* main.m in Sources */ = {isa = PBXBuildFile; fileRef = 5F4269BF1C958C5C008F3D35 /* main.m */; };
		5F4269C31C958C5C008F3D35 /* AppDelegate.m in Sources */ = {isa = PBXBuildFile; fileRef = 5F4269C21C958C5C008F3D35 /* AppDelegate.m */; };
		5F4269C61C958C5C008F3D35 /* ViewController.m in Sources */ = {isa = PBXBuildFile; fileRef = 5F4269C51C958C5C008F3D35 /* ViewController.m */; };
		5F4269C91C958C5C008F3D35 /* Main.storyboard in Resources */ = {isa = PBXBuildFile; fileRef = 5F4269C71C958C5C008F3D35 /* Main.storyboard */; };
		5F4269CB1C958C5C008F3D35 /* Assets.xcassets in Resources */ = {isa = PBXBuildFile; fileRef = 5F4269CA1C958C5C008F3D35 /* Assets.xcassets */; };
		5F4269CE1C958C5C008F3D35 /* LaunchScreen.storyboard in Resources */ = {isa = PBXBuildFile; fileRef = 5F4269CC1C958C5C008F3D35 /* LaunchScreen.storyboard */; };
		5F4269D91C958C5C008F3D35 /* ______songTests.m in Sources */ = {isa = PBXBuildFile; fileRef = 5F4269D81C958C5C008F3D35 /* ______songTests.m */; };
		5F4269E41C958C5C008F3D35 /* ______songUITests.m in Sources */ = {isa = PBXBuildFile; fileRef = 5F4269E31C958C5C008F3D35 /* ______songUITests.m */; };
/* End PBXBuildFile section */

/* Begin PBXContainerItemProxy section */
		5F4269D51C958C5C008F3D35 /* PBXContainerItemProxy */ = {
			isa = PBXContainerItemProxy;
			containerPortal = 5F4269B31C958C5C008F3D35 /* Project object */;
			proxyType = 1;
			remoteGlobalIDString = 5F4269BA1C958C5C008F3D35;
			remoteInfo = "网易新闻--song";
		};
		5F4269E01C958C5C008F3D35 /* PBXContainerItemProxy */ = {
			isa = PBXContainerItemProxy;
			containerPortal = 5F4269B31C958C5C008F3D35 /* Project object */;
			proxyType = 1;
			remoteGlobalIDString = 5F4269BA1C958C5C008F3D35;
			remoteInfo = "网易新闻--song";
		};
/* End PBXContainerItemProxy section */

/* Begin PBXFileReference section */
		5F4269BB1C958C5C008F3D35 /* 网易新闻--song.app */ = {isa = PBXFileReference; explicitFileType = wrapper.application; includeInIndex = 0; path = "网易新闻--song.app"; sourceTree = BUILT_PRODUCTS_DIR; };
		5F4269BF1C958C5C008F3D35 /* main.m */ = {isa = PBXFileReference; lastKnownFileType = sourcecode.c.objc; path = main.m; sourceTree = "<group>"; };
		5F4269C11C958C5C008F3D35 /* AppDelegate.h */ = {isa = PBXFileReference; lastKnownFileType = sourcecode.c.h; path = AppDelegate.h; sourceTree = "<group>"; };
		5F4269C21C958C5C008F3D35 /* AppDelegate.m */ = {isa = PBXFileReference; lastKnownFileType = sourcecode.c.objc; path = AppDelegate.m; sourceTree = "<group>"; };
		5F4269C41C958C5C008F3D35 /* ViewController.h */ = {isa = PBXFileReference; lastKnownFileType = sourcecode.c.h; path = ViewController.h; sourceTree = "<group>"; };
		5F4269C51C958C5C008F3D35 /* ViewController.m */ = {isa = PBXFileReference; lastKnownFileType = sourcecode.c.objc; path = ViewController.m; sourceTree = "<group>"; };
		5F4269C81C958C5C008F3D35 /* Base */ = {isa = PBXFileReference; lastKnownFileType = file.storyboard; name = Base; path = Base.lproj/Main.storyboard; sourceTree = "<group>"; };
		5F4269CA1C958C5C008F3D35 /* Assets.xcassets */ = {isa = PBXFileReference; lastKnownFileType = folder.assetcatalog; path = Assets.xcassets; sourceTree = "<group>"; };
		5F4269CD1C958C5C008F3D35 /* Base */ = {isa = PBXFileReference; lastKnownFileType = file.storyboard; name = Base; path = Base.lproj/LaunchScreen.storyboard; sourceTree = "<group>"; };
		5F4269CF1C958C5C008F3D35 /* Info.plist */ = {isa = PBXFileReference; lastKnownFileType = text.plist.xml; path = Info.plist; sourceTree = "<group>"; };
		5F4269D41C958C5C008F3D35 /* 网易新闻--songTests.xctest */ = {isa = PBXFileReference; explicitFileType = wrapper.cfbundle; includeInIndex = 0; path = "网易新闻--songTests.xctest"; sourceTree = BUILT_PRODUCTS_DIR; };
		5F4269D81C958C5C008F3D35 /* ______songTests.m */ = {isa = PBXFileReference; lastKnownFileType = sourcecode.c.objc; path = "______songTests.m"; sourceTree = "<group>"; };
		5F4269DA1C958C5C008F3D35 /* Info.plist */ = {isa = PBXFileReference; lastKnownFileType = text.plist.xml; path = Info.plist; sourceTree = "<group>"; };
		5F4269DF1C958C5C008F3D35 /* 网易新闻--songUITests.xctest */ = {isa = PBXFileReference; explicitFileType = wrapper.cfbundle; includeInIndex = 0; path = "网易新闻--songUITests.xctest"; sourceTree = BUILT_PRODUCTS_DIR; };
		5F4269E31C958C5C008F3D35 /* ______songUITests.m */ = {isa = PBXFileReference; lastKnownFileType = sourcecode.c.objc; path = "______songUITests.m"; sourceTree = "<group>"; };
		5F4269E51C958C5C008F3D35 /* Info.plist */ = {isa = PBXFileReference; lastKnownFileType = text.plist.xml; path = Info.plist; sourceTree = "<group>"; };
/* End PBXFileReference section */

/* Begin PBXFrameworksBuildPhase section */
		5F4269B81C958C5C008F3D35 /* Frameworks */ = {
			isa = PBXFrameworksBuildPhase;
			buildActionMask = 2147483647;
			files = (
			);
			runOnlyForDeploymentPostprocessing = 0;
		};
		5F4269D11C958C5C008F3D35 /* Frameworks */ = {
			isa = PBXFrameworksBuildPhase;
			buildActionMask = 2147483647;
			files = (
			);
			runOnlyForDeploymentPostprocessing = 0;
		};
		5F4269DC1C958C5C008F3D35 /* Frameworks */ = {
			isa = PBXFrameworksBuildPhase;
			buildActionMask = 2147483647;
			files = (
			);
			runOnlyForDeploymentPostprocessing = 0;
		};
/* End PBXFrameworksBuildPhase section */

/* Begin PBXGroup section */
		5F4269B21C958C5C008F3D35 = {
			isa = PBXGroup;
			children = (
				5F4269BD1C958C5C008F3D35 /* 网易新闻--song */,
				5F4269D71C958C5C008F3D35 /* 网易新闻--songTests */,
				5F4269E21C958C5C008F3D35 /* 网易新闻--songUITests */,
				5F4269BC1C958C5C008F3D35 /* Products */,
			);
			sourceTree = "<group>";
		};
		5F4269BC1C958C5C008F3D35 /* Products */ = {
			isa = PBXGroup;
			children = (
				5F4269BB1C958C5C008F3D35 /* 网易新闻--song.app */,
				5F4269D41C958C5C008F3D35 /* 网易新闻--songTests.xctest */,
				5F4269DF1C958C5C008F3D35 /* 网易新闻--songUITests.xctest */,
			);
			name = Products;
			sourceTree = "<group>";
		};
		5F4269BD1C958C5C008F3D35 /* 网易新闻--song */ = {
			isa = PBXGroup;
			children = (
				5F4269C11C958C5C008F3D35 /* AppDelegate.h */,
				5F4269C21C958C5C008F3D35 /* AppDelegate.m */,
				5F4269C41C958C5C008F3D35 /* ViewController.h */,
				5F4269C51C958C5C008F3D35 /* ViewController.m */,
				5F4269C71C958C5C008F3D35 /* Main.storyboard */,
				5F4269CA1C958C5C008F3D35 /* Assets.xcassets */,
				5F4269CC1C958C5C008F3D35 /* LaunchScreen.storyboard */,
				5F4269CF1C958C5C008F3D35 /* Info.plist */,
				5F4269BE1C958C5C008F3D35 /* Supporting Files */,
			);
			path = "网易新闻--song";
			sourceTree = "<group>";
		};
		5F4269BE1C958C5C008F3D35 /* Supporting Files */ = {
			isa = PBXGroup;
			children = (
				5F4269BF1C958C5C008F3D35 /* main.m */,
			);
			name = "Supporting Files";
			sourceTree = "<group>";
		};
		5F4269D71C958C5C008F3D35 /* 网易新闻--songTests */ = {
			isa = PBXGroup;
			children = (
				5F4269D81C958C5C008F3D35 /* ______songTests.m */,
				5F4269DA1C958C5C008F3D35 /* Info.plist */,
			);
			path = "网易新闻--songTests";
			sourceTree = "<group>";
		};
		5F4269E21C958C5C008F3D35 /* 网易新闻--songUITests */ = {
			isa = PBXGroup;
			children = (
				5F4269E31C958C5C008F3D35 /* ______songUITests.m */,
				5F4269E51C958C5C008F3D35 /* Info.plist */,
			);
			path = "网易新闻--songUITests";
			sourceTree = "<group>";
		};
/* End PBXGroup section */

/* Begin PBXNativeTarget section */
		5F4269BA1C958C5C008F3D35 /* 网易新闻--song */ = {
			isa = PBXNativeTarget;
			buildConfigurationList = 5F4269E81C958C5C008F3D35 /* Build configuration list for PBXNativeTarget "网易新闻--song" */;
			buildPhases = (
				5F4269B71C958C5C008F3D35 /* Sources */,
				5F4269B81C958C5C008F3D35 /* Frameworks */,
				5F4269B91C958C5C008F3D35 /* Resources */,
			);
			buildRules = (
			);
			dependencies = (
			);
			name = "网易新闻--song";
			productName = "网易新闻--song";
			productReference = 5F4269BB1C958C5C008F3D35 /* 网易新闻--song.app */;
			productType = "com.apple.product-type.application";
		};
		5F4269D31C958C5C008F3D35 /* 网易新闻--songTests */ = {
			isa = PBXNativeTarget;
			buildConfigurationList = 5F4269EB1C958C5C008F3D35 /* Build configuration list for PBXNativeTarget "网易新闻--songTests" */;
			buildPhases = (
				5F4269D01C958C5C008F3D35 /* Sources */,
				5F4269D11C958C5C008F3D35 /* Frameworks */,
				5F4269D21C958C5C008F3D35 /* Resources */,
			);
			buildRules = (
			);
			dependencies = (
				5F4269D61C958C5C008F3D35 /* PBXTargetDependency */,
			);
			name = "网易新闻--songTests";
			productName = "网易新闻--songTests";
			productReference = 5F4269D41C958C5C008F3D35 /* 网易新闻--songTests.xctest */;
			productType = "com.apple.product-type.bundle.unit-test";
		};
		5F4269DE1C958C5C008F3D35 /* 网易新闻--songUITests */ = {
			isa = PBXNativeTarget;
			buildConfigurationList = 5F4269EE1C958C5C008F3D35 /* Build configuration list for PBXNativeTarget "网易新闻--songUITests" */;
			buildPhases = (
				5F4269DB1C958C5C008F3D35 /* Sources */,
				5F4269DC1C958C5C008F3D35 /* Frameworks */,
				5F4269DD1C958C5C008F3D35 /* Resources */,
			);
			buildRules = (
			);
			dependencies = (
				5F4269E11C958C5C008F3D35 /* PBXTargetDependency */,
			);
			name = "网易新闻--songUITests";
			productName = "网易新闻--songUITests";
			productReference = 5F4269DF1C958C5C008F3D35 /* 网易新闻--songUITests.xctest */;
			productType = "com.apple.product-type.bundle.ui-testing";
		};
/* End PBXNativeTarget section */

/* Begin PBXProject section */
		5F4269B31C958C5C008F3D35 /* Project object */ = {
			isa = PBXProject;
			attributes = {
				LastUpgradeCheck = 0720;
				ORGANIZATIONNAME = "宋海保";
				TargetAttributes = {
					5F4269BA1C958C5C008F3D35 = {
						CreatedOnToolsVersion = 7.2.1;
					};
					5F4269D31C958C5C008F3D35 = {
						CreatedOnToolsVersion = 7.2.1;
						TestTargetID = 5F4269BA1C958C5C008F3D35;
					};
					5F4269DE1C958C5C008F3D35 = {
						CreatedOnToolsVersion = 7.2.1;
						TestTargetID = 5F4269BA1C958C5C008F3D35;
					};
				};
			};
			buildConfigurationList = 5F4269B61C958C5C008F3D35 /* Build configuration list for PBXProject "网易新闻--song" */;
			compatibilityVersion = "Xcode 3.2";
			developmentRegion = English;
			hasScannedForEncodings = 0;
			knownRegions = (
				en,
				Base,
			);
			mainGroup = 5F4269B21C958C5C008F3D35;
			productRefGroup = 5F4269BC1C958C5C008F3D35 /* Products */;
			projectDirPath = "";
			projectRoot = "";
			targets = (
				5F4269BA1C958C5C008F3D35 /* 网易新闻--song */,
				5F4269D31C958C5C008F3D35 /* 网易新闻--songTests */,
				5F4269DE1C958C5C008F3D35 /* 网易新闻--songUITests */,
			);
		};
/* End PBXProject section */

/* Begin PBXResourcesBuildPhase section */
		5F4269B91C958C5C008F3D35 /* Resources */ = {
			isa = PBXResourcesBuildPhase;
			buildActionMask = 2147483647;
			files = (
				5F4269CE1C958C5C008F3D35 /* LaunchScreen.storyboard in Resources */,
				5F4269CB1C958C5C008F3D35 /* Assets.xcassets in Resources */,
				5F4269C91C958C5C008F3D35 /* Main.storyboard in Resources */,
			);
			runOnlyForDeploymentPostprocessing = 0;
		};
		5F4269D21C958C5C008F3D35 /* Resources */ = {
			isa = PBXResourcesBuildPhase;
			buildActionMask = 2147483647;
			files = (
			);
			runOnlyForDeploymentPostprocessing = 0;
		};
		5F4269DD1C958C5C008F3D35 /* Resources */ = {
			isa = PBXResourcesBuildPhase;
			buildActionMask = 2147483647;
			files = (
			);
			runOnlyForDeploymentPostprocessing = 0;
		};
/* End PBXResourcesBuildPhase section */

/* Begin PBXSourcesBuildPhase section */
		5F4269B71C958C5C008F3D35 /* Sources */ = {
			isa = PBXSourcesBuildPhase;
			buildActionMask = 2147483647;
			files = (
				5F4269C61C958C5C008F3D35 /* ViewController.m in Sources */,
				5F4269C31C958C5C008F3D35 /* AppDelegate.m in Sources */,
				5F4269C01C958C5C008F3D35 /* main.m in Sources */,
			);
			runOnlyForDeploymentPostprocessing = 0;
		};
		5F4269D01C958C5C008F3D35 /* Sources */ = {
			isa = PBXSourcesBuildPhase;
			buildActionMask = 2147483647;
			files = (
				5F4269D91C958C5C008F3D35 /* ______songTests.m in Sources */,
			);
			runOnlyForDeploymentPostprocessing = 0;
		};
		5F4269DB1C958C5C008F3D35 /* Sources */ = {
			isa = PBXSourcesBuildPhase;
			buildActionMask = 2147483647;
			files = (
				5F4269E41C958C5C008F3D35 /* ______songUITests.m in Sources */,
			);
			runOnlyForDeploymentPostprocessing = 0;
		};
/* End PBXSourcesBuildPhase section */

/* Begin PBXTargetDependency section */
		5F4269D61C958C5C008F3D35 /* PBXTargetDependency */ = {
			isa = PBXTargetDependency;
			target = 5F4269BA1C958C5C008F3D35 /* 网易新闻--song */;
			targetProxy = 5F4269D51C958C5C008F3D35 /* PBXContainerItemProxy */;
		};
		5F4269E11C958C5C008F3D35 /* PBXTargetDependency */ = {
			isa = PBXTargetDependency;
			target = 5F4269BA1C958C5C008F3D35 /* 网易新闻--song */;
			targetProxy = 5F4269E01C958C5C008F3D35 /* PBXContainerItemProxy */;
		};
/* End PBXTargetDependency section */

/* Begin PBXVariantGroup section */
		5F4269C71C958C5C008F3D35 /* Main.storyboard */ = {
			isa = PBXVariantGroup;
			children = (
				5F4269C81C958C5C008F3D35 /* Base */,
			);
			name = Main.storyboard;
			sourceTree = "<group>";
		};
		5F4269CC1C958C5C008F3D35 /* LaunchScreen.storyboard */ = {
			isa = PBXVariantGroup;
			children = (
				5F4269CD1C958C5C008F3D35 /* Base */,
			);
			name = LaunchScreen.storyboard;
			sourceTree = "<group>";
		};
/* End PBXVariantGroup section */

/* Begin XCBuildConfiguration section */
		5F4269E61C958C5C008F3D35 /* Debug */ = {
			isa = XCBuildConfiguration;
			buildSettings = {
				ALWAYS_SEARCH_USER_PATHS = NO;
				CLANG_CXX_LANGUAGE_STANDARD = "gnu++0x";
				CLANG_CXX_LIBRARY = "libc++";
				CLANG_ENABLE_MODULES = YES;
				CLANG_ENABLE_OBJC_ARC = YES;
				CLANG_WARN_BOOL_CONVERSION = YES;
				CLANG_WARN_CONSTANT_CONVERSION = YES;
				CLANG_WARN_DIRECT_OBJC_ISA_USAGE = YES_ERROR;
				CLANG_WARN_EMPTY_BODY = YES;
				CLANG_WARN_ENUM_CONVERSION = YES;
				CLANG_WARN_INT_CONVERSION = YES;
				CLANG_WARN_OBJC_ROOT_CLASS = YES_ERROR;
				CLANG_WARN_UNREACHABLE_CODE = YES;
				CLANG_WARN__DUPLICATE_METHOD_MATCH = YES;
				"CODE_SIGN_IDENTITY[sdk=iphoneos*]" = "iPhone Developer";
				COPY_PHASE_STRIP = NO;
				DEBUG_INFORMATION_FORMAT = dwarf;
				ENABLE_STRICT_OBJC_MSGSEND = YES;
				ENABLE_TESTABILITY = YES;
				GCC_C_LANGUAGE_STANDARD = gnu99;
				GCC_DYNAMIC_NO_PIC = NO;
				GCC_NO_COMMON_BLOCKS = YES;
				GCC_OPTIMIZATION_LEVEL = 0;
				GCC_PREPROCESSOR_DEFINITIONS = (
					"DEBUG=1",
					"$(inherited)",
				);
				GCC_WARN_64_TO_32_BIT_CONVERSION = YES;
				GCC_WARN_ABOUT_RETURN_TYPE = YES_ERROR;
				GCC_WARN_UNDECLARED_SELECTOR = YES;
				GCC_WARN_UNINITIALIZED_AUTOS = YES_AGGRESSIVE;
				GCC_WARN_UNUSED_FUNCTION = YES;
				GCC_WARN_UNUSED_VARIABLE = YES;
				IPHONEOS_DEPLOYMENT_TARGET = 9.2;
				MTL_ENABLE_DEBUG_INFO = YES;
				ONLY_ACTIVE_ARCH = YES;
				SDKROOT = iphoneos;
				TARGETED_DEVICE_FAMILY = "1,2";
			};
			name = Debug;
		};
		5F4269E71C958C5C008F3D35 /* Release */ = {
			isa = XCBuildConfiguration;
			buildSettings = {
				ALWAYS_SEARCH_USER_PATHS = NO;
				CLANG_CXX_LANGUAGE_STANDARD = "gnu++0x";
				CLANG_CXX_LIBRARY = "libc++";
				CLANG_ENABLE_MODULES = YES;
				CLANG_ENABLE_OBJC_ARC = YES;
				CLANG_WARN_BOOL_CONVERSION = YES;
				CLANG_WARN_CONSTANT_CONVERSION = YES;
				CLANG_WARN_DIRECT_OBJC_ISA_USAGE = YES_ERROR;
				CLANG_WARN_EMPTY_BODY = YES;
				CLANG_WARN_ENUM_CONVERSION = YES;
				CLANG_WARN_INT_CONVERSION = YES;
				CLANG_WARN_OBJC_ROOT_CLASS = YES_ERROR;
				CLANG_WARN_UNREACHABLE_CODE = YES;
				CLANG_WARN__DUPLICATE_METHOD_MATCH = YES;
				"CODE_SIGN_IDENTITY[sdk=iphoneos*]" = "iPhone Developer";
				COPY_PHASE_STRIP = NO;
				DEBUG_INFORMATION_FORMAT = "dwarf-with-dsym";
				ENABLE_NS_ASSERTIONS = NO;
				ENABLE_STRICT_OBJC_MSGSEND = YES;
				GCC_C_LANGUAGE_STANDARD = gnu99;
				GCC_NO_COMMON_BLOCKS = YES;
				GCC_WARN_64_TO_32_BIT_CONVERSION = YES;
				GCC_WARN_ABOUT_RETURN_TYPE = YES_ERROR;
				GCC_WARN_UNDECLARED_SELECTOR = YES;
				GCC_WARN_UNINITIALIZED_AUTOS = YES_AGGRESSIVE;
				GCC_WARN_UNUSED_FUNCTION = YES;
				GCC_WARN_UNUSED_VARIABLE = YES;
				IPHONEOS_DEPLOYMENT_TARGET = 9.2;
				MTL_ENABLE_DEBUG_INFO = NO;
				SDKROOT = iphoneos;
				TARGETED_DEVICE_FAMILY = "1,2";
				VALIDATE_PRODUCT = YES;
			};
			name = Release;
		};
		5F4269E91C958C5C008F3D35 /* Debug */ = {
			isa = XCBuildConfiguration;
			buildSettings = {
				ASSETCATALOG_COMPILER_APPICON_NAME = AppIcon;
				INFOPLIST_FILE = "网易新闻--song/Info.plist";
				LD_RUNPATH_SEARCH_PATHS = "$(inherited) @executable_path/Frameworks";
				PRODUCT_BUNDLE_IDENTIFIER = "cn.heima.------song";
				PRODUCT_NAME = "$(TARGET_NAME)";
			};
			name = Debug;
		};
		5F4269EA1C958C5C008F3D35 /* Release */ = {
			isa = XCBuildConfiguration;
			buildSettings = {
				ASSETCATALOG_COMPILER_APPICON_NAME = AppIcon;
				INFOPLIST_FILE = "网易新闻--song/Info.plist";
				LD_RUNPATH_SEARCH_PATHS = "$(inherited) @executable_path/Frameworks";
				PRODUCT_BUNDLE_IDENTIFIER = "cn.heima.------song";
				PRODUCT_NAME = "$(TARGET_NAME)";
			};
			name = Release;
		};
		5F4269EC1C958C5C008F3D35 /* Debug */ = {
			isa = XCBuildConfiguration;
			buildSettings = {
				BUNDLE_LOADER = "$(TEST_HOST)";
				INFOPLIST_FILE = "网易新闻--songTests/Info.plist";
				LD_RUNPATH_SEARCH_PATHS = "$(inherited) @executable_path/Frameworks @loader_path/Frameworks";
				PRODUCT_BUNDLE_IDENTIFIER = "cn.heima.------songTests";
				PRODUCT_NAME = "$(TARGET_NAME)";
				TEST_HOST = "$(BUILT_PRODUCTS_DIR)/网易新闻--song.app/网易新闻--song";
			};
			name = Debug;
		};
		5F4269ED1C958C5C008F3D35 /* Release */ = {
			isa = XCBuildConfiguration;
			buildSettings = {
				BUNDLE_LOADER = "$(TEST_HOST)";
				INFOPLIST_FILE = "网易新闻--songTests/Info.plist";
				LD_RUNPATH_SEARCH_PATHS = "$(inherited) @executable_path/Frameworks @loader_path/Frameworks";
				PRODUCT_BUNDLE_IDENTIFIER = "cn.heima.------songTests";
				PRODUCT_NAME = "$(TARGET_NAME)";
				TEST_HOST = "$(BUILT_PRODUCTS_DIR)/网易新闻--song.app/网易新闻--song";
			};
			name = Release;
		};
		5F4269EF1C958C5C008F3D35 /* Debug */ = {
			isa = XCBuildConfiguration;
			buildSettings = {
				INFOPLIST_FILE = "网易新闻--songUITests/Info.plist";
				LD_RUNPATH_SEARCH_PATHS = "$(inherited) @executable_path/Frameworks @loader_path/Frameworks";
				PRODUCT_BUNDLE_IDENTIFIER = "cn.heima.------songUITests";
				PRODUCT_NAME = "$(TARGET_NAME)";
				TEST_TARGET_NAME = "网易新闻--song";
				USES_XCTRUNNER = YES;
			};
			name = Debug;
		};
		5F4269F01C958C5C008F3D35 /* Release */ = {
			isa = XCBuildConfiguration;
			buildSettings = {
				INFOPLIST_FILE = "网易新闻--songUITests/Info.plist";
				LD_RUNPATH_SEARCH_PATHS = "$(inherited) @executable_path/Frameworks @loader_path/Frameworks";
				PRODUCT_BUNDLE_IDENTIFIER = "cn.heima.------songUITests";
				PRODUCT_NAME = "$(TARGET_NAME)";
				TEST_TARGET_NAME = "网易新闻--song";
				USES_XCTRUNNER = YES;
			};
			name = Release;
		};
/* End XCBuildConfiguration section */

/* Begin XCConfigurationList section */
		5F4269B61C958C5C008F3D35 /* Build configuration list for PBXProject "网易新闻--song" */ = {
			isa = XCConfigurationList;
			buildConfigurations = (
				5F4269E61C958C5C008F3D35 /* Debug */,
				5F4269E71C958C5C008F3D35 /* Release */,
			);
			defaultConfigurationIsVisible = 0;
			defaultConfigurationName = Release;
		};
		5F4269E81C958C5C008F3D35 /* Build configuration list for PBXNativeTarget "网易新闻--song" */ = {
			isa = XCConfigurationList;
			buildConfigurations = (
				5F4269E91C958C5C008F3D35 /* Debug */,
				5F4269EA1C958C5C008F3D35 /* Release */,
			);
			defaultConfigurationIsVisible = 0;
		};
		5F4269EB1C958C5C008F3D35 /* Build configuration list for PBXNativeTarget "网易新闻--songTests" */ = {
			isa = XCConfigurationList;
			buildConfigurations = (
				5F4269EC1C958C5C008F3D35 /* Debug */,
				5F4269ED1C958C5C008F3D35 /* Release */,
			);
			defaultConfigurationIsVisible = 0;
		};
		5F4269EE1C958C5C008F3D35 /* Build configuration list for PBXNativeTarget "网易新闻--songUITests" */ = {
			isa = XCConfigurationList;
			buildConfigurations = (
				5F4269EF1C958C5C008F3D35 /* Debug */,
				5F4269F01C958C5C008F3D35 /* Release */,
			);
			defaultConfigurationIsVisible = 0;
		};
/* End XCConfigurationList section */
	};
	rootObject = 5F4269B31C958C5C008F3D35 /* Project object */;
}
